// !$*UTF8*$!
{
	archiveVersion = 1;
	classes = {
	};
	objectVersion = 56;
	objects = {

/* Begin PBXBuildFile section */
		810B228C2920283F008261D4 /* MenuBarOptions.swift in Sources */ = {isa = PBXBuildFile; fileRef = 810B228B2920283F008261D4 /* MenuBarOptions.swift */; };
		810BCC0A2920B74800C1DCF4 /* MenuOptionsList.swift in Sources */ = {isa = PBXBuildFile; fileRef = 810BCC092920B74800C1DCF4 /* MenuOptionsList.swift */; };
		810BCC0C2920BC0700C1DCF4 /* MenuItemSection.swift in Sources */ = {isa = PBXBuildFile; fileRef = 810BCC0B2920BC0700C1DCF4 /* MenuItemSection.swift */; };
		810BCC0E2920BC8500C1DCF4 /* BikeItem.swift in Sources */ = {isa = PBXBuildFile; fileRef = 810BCC0D2920BC8500C1DCF4 /* BikeItem.swift */; };
		810BCC102920D4AD00C1DCF4 /* OffsetKey.swift in Sources */ = {isa = PBXBuildFile; fileRef = 810BCC0F2920D4AD00C1DCF4 /* OffsetKey.swift */; };
		810BCC122920D4D800C1DCF4 /* OffsetModifier.swift in Sources */ = {isa = PBXBuildFile; fileRef = 810BCC112920D4D800C1DCF4 /* OffsetModifier.swift */; };
		81B6DAB929200D050088A589 /* Ktm_MotorcycleApp.swift in Sources */ = {isa = PBXBuildFile; fileRef = 81B6DAB829200D050088A589 /* Ktm_MotorcycleApp.swift */; };
		81B6DABB29200D050088A589 /* ContentView.swift in Sources */ = {isa = PBXBuildFile; fileRef = 81B6DABA29200D050088A589 /* ContentView.swift */; };
		81B6DABD29200D090088A589 /* Assets.xcassets in Resources */ = {isa = PBXBuildFile; fileRef = 81B6DABC29200D090088A589 /* Assets.xcassets */; };
		81B6DAC029200D090088A589 /* Preview Assets.xcassets in Resources */ = {isa = PBXBuildFile; fileRef = 81B6DABF29200D090088A589 /* Preview Assets.xcassets */; };
/* End PBXBuildFile section */

/* Begin PBXFileReference section */
		810B228B2920283F008261D4 /* MenuBarOptions.swift */ = {isa = PBXFileReference; lastKnownFileType = sourcecode.swift; path = MenuBarOptions.swift; sourceTree = "<group>"; };
		810BCC092920B74800C1DCF4 /* MenuOptionsList.swift */ = {isa = PBXFileReference; lastKnownFileType = sourcecode.swift; path = MenuOptionsList.swift; sourceTree = "<group>"; };
		810BCC0B2920BC0700C1DCF4 /* MenuItemSection.swift */ = {isa = PBXFileReference; lastKnownFileType = sourcecode.swift; path = MenuItemSection.swift; sourceTree = "<group>"; };
		810BCC0D2920BC8500C1DCF4 /* BikeItem.swift */ = {isa = PBXFileReference; lastKnownFileType = sourcecode.swift; path = BikeItem.swift; sourceTree = "<group>"; };
		810BCC0F2920D4AD00C1DCF4 /* OffsetKey.swift */ = {isa = PBXFileReference; lastKnownFileType = sourcecode.swift; path = OffsetKey.swift; sourceTree = "<group>"; };
		810BCC112920D4D800C1DCF4 /* OffsetModifier.swift */ = {isa = PBXFileReference; lastKnownFileType = sourcecode.swift; path = OffsetModifier.swift; sourceTree = "<group>"; };
		81B6DAB529200D050088A589 /* Ktm Motorcycle.app */ = {isa = PBXFileReference; explicitFileType = wrapper.application; includeInIndex = 0; path = "Ktm Motorcycle.app"; sourceTree = BUILT_PRODUCTS_DIR; };
		81B6DAB829200D050088A589 /* Ktm_MotorcycleApp.swift */ = {isa = PBXFileReference; lastKnownFileType = sourcecode.swift; path = Ktm_MotorcycleApp.swift; sourceTree = "<group>"; };
		81B6DABA29200D050088A589 /* ContentView.swift */ = {isa = PBXFileReference; lastKnownFileType = sourcecode.swift; path = ContentView.swift; sourceTree = "<group>"; };
		81B6DABC29200D090088A589 /* Assets.xcassets */ = {isa = PBXFileReference; lastKnownFileType = folder.assetcatalog; path = Assets.xcassets; sourceTree = "<group>"; };
		81B6DABF29200D090088A589 /* Preview Assets.xcassets */ = {isa = PBXFileReference; lastKnownFileType = folder.assetcatalog; path = "Preview Assets.xcassets"; sourceTree = "<group>"; };
/* End PBXFileReference section */

/* Begin PBXFrameworksBuildPhase section */
		81B6DAB229200D050088A589 /* Frameworks */ = {
			isa = PBXFrameworksBuildPhase;
			buildActionMask = 2147483647;
			files = (
			);
			runOnlyForDeploymentPostprocessing = 0;
		};
/* End PBXFrameworksBuildPhase section */

/* Begin PBXGroup section */
		81B6DAAC29200D050088A589 = {
			isa = PBXGroup;
			children = (
				81B6DAB729200D050088A589 /* Ktm Motorcycle */,
				81B6DAB629200D050088A589 /* Products */,
			);
			sourceTree = "<group>";
		};
		81B6DAB629200D050088A589 /* Products */ = {
			isa = PBXGroup;
			children = (
				81B6DAB529200D050088A589 /* Ktm Motorcycle.app */,
			);
			name = Products;
			sourceTree = "<group>";
		};
		81B6DAB729200D050088A589 /* Ktm Motorcycle */ = {
			isa = PBXGroup;
			children = (
				81B6DAB829200D050088A589 /* Ktm_MotorcycleApp.swift */,
				81B6DABA29200D050088A589 /* ContentView.swift */,
				81B6DABC29200D090088A589 /* Assets.xcassets */,
				81B6DABE29200D090088A589 /* Preview Content */,
			);
			path = "Ktm Motorcycle";
			sourceTree = "<group>";
		};
		81B6DABE29200D090088A589 /* Preview Content */ = {
			isa = PBXGroup;
			children = (
				81B6DABF29200D090088A589 /* Preview Assets.xcassets */,
				810B228B2920283F008261D4 /* MenuBarOptions.swift */,
				810BCC092920B74800C1DCF4 /* MenuOptionsList.swift */,
				810BCC0B2920BC0700C1DCF4 /* MenuItemSection.swift */,
				810BCC0D2920BC8500C1DCF4 /* BikeItem.swift */,
				810BCC0F2920D4AD00C1DCF4 /* OffsetKey.swift */,
				810BCC112920D4D800C1DCF4 /* OffsetModifier.swift */,
			);
			path = "Preview Content";
			sourceTree = "<group>";
		};
/* End PBXGroup section */

/* Begin PBXNativeTarget section */
		81B6DAB429200D050088A589 /* Ktm Motorcycle */ = {
			isa = PBXNativeTarget;
			buildConfigurationList = 81B6DAC329200D090088A589 /* Build configuration list for PBXNativeTarget "Ktm Motorcycle" */;
			buildPhases = (
				81B6DAB129200D050088A589 /* Sources */,
				81B6DAB229200D050088A589 /* Frameworks */,
				81B6DAB329200D050088A589 /* Resources */,
			);
			buildRules = (
			);
			dependencies = (
			);
			name = "Ktm Motorcycle";
			productName = "Ktm Motorcycle";
			productReference = 81B6DAB529200D050088A589 /* Ktm Motorcycle.app */;
			productType = "com.apple.product-type.application";
		};
/* End PBXNativeTarget section */

/* Begin PBXProject section */
		81B6DAAD29200D050088A589 /* Project object */ = {
			isa = PBXProject;
			attributes = {
				BuildIndependentTargetsInParallel = 1;
				LastSwiftUpdateCheck = 1410;
				LastUpgradeCheck = 1410;
				TargetAttributes = {
					81B6DAB429200D050088A589 = {
						CreatedOnToolsVersion = 14.1;
					};
				};
			};
			buildConfigurationList = 81B6DAB029200D050088A589 /* Build configuration list for PBXProject "Ktm Motorcycle" */;
			compatibilityVersion = "Xcode 14.0";
			developmentRegion = en;
			hasScannedForEncodings = 0;
			knownRegions = (
				en,
				Base,
			);
			mainGroup = 81B6DAAC29200D050088A589;
			productRefGroup = 81B6DAB629200D050088A589 /* Products */;
			projectDirPath = "";
			projectRoot = "";
			targets = (
				81B6DAB429200D050088A589 /* Ktm Motorcycle */,
			);
		};
/* End PBXProject section */

/* Begin PBXResourcesBuildPhase section */
		81B6DAB329200D050088A589 /* Resources */ = {
			isa = PBXResourcesBuildPhase;
			buildActionMask = 2147483647;
			files = (
				81B6DAC029200D090088A589 /* Preview Assets.xcassets in Resources */,
				81B6DABD29200D090088A589 /* Assets.xcassets in Resources */,
			);
			runOnlyForDeploymentPostprocessing = 0;
		};
/* End PBXResourcesBuildPhase section */

/* Begin PBXSourcesBuildPhase section */
		81B6DAB129200D050088A589 /* Sources */ = {
			isa = PBXSourcesBuildPhase;
			buildActionMask = 2147483647;
			files = (
				81B6DABB29200D050088A589 /* ContentView.swift in Sources */,
				810BCC0E2920BC8500C1DCF4 /* BikeItem.swift in Sources */,
				810BCC0A2920B74800C1DCF4 /* MenuOptionsList.swift in Sources */,
				810BCC102920D4AD00C1DCF4 /* OffsetKey.swift in Sources */,
				81B6DAB929200D050088A589 /* Ktm_MotorcycleApp.swift in Sources */,
				810BCC122920D4D800C1DCF4 /* OffsetModifier.swift in Sources */,
				810BCC0C2920BC0700C1DCF4 /* MenuItemSection.swift in Sources */,
				810B228C2920283F008261D4 /* MenuBarOptions.swift in Sources */,
			);
			runOnlyForDeploymentPostprocessing = 0;
		};
/* End PBXSourcesBuildPhase section */

/* Begin XCBuildConfiguration section */
		81B6DAC129200D090088A589 /* Debug */ = {
			isa = XCBuildConfiguration;
			buildSettings = {
				ALWAYS_SEARCH_USER_PATHS = NO;
				CLANG_ANALYZER_NONNULL = YES;
				CLANG_ANALYZER_NUMBER_OBJECT_CONVERSION = YES_AGGRESSIVE;
				CLANG_CXX_LANGUAGE_STANDARD = "gnu++20";
				CLANG_ENABLE_MODULES = YES;
				CLANG_ENABLE_OBJC_ARC = YES;
				CLANG_ENABLE_OBJC_WEAK = YES;
				CLANG_WARN_BLOCK_CAPTURE_AUTORELEASING = YES;
				CLANG_WARN_BOOL_CONVERSION = YES;
				CLANG_WARN_COMMA = YES;
				CLANG_WARN_CONSTANT_CONVERSION = YES;
				CLANG_WARN_DEPRECATED_OBJC_IMPLEMENTATIONS = YES;
				CLANG_WARN_DIRECT_OBJC_ISA_USAGE = YES_ERROR;
				CLANG_WARN_DOCUMENTATION_COMMENTS = YES;
				CLANG_WARN_EMPTY_BODY = YES;
				CLANG_WARN_ENUM_CONVERSION = YES;
				CLANG_WARN_INFINITE_RECURSION = YES;
				CLANG_WARN_INT_CONVERSION = YES;
				CLANG_WARN_NON_LITERAL_NULL_CONVERSION = YES;
				CLANG_WARN_OBJC_IMPLICIT_RETAIN_SELF = YES;
				CLANG_WARN_OBJC_LITERAL_CONVERSION = YES;
				CLANG_WARN_OBJC_ROOT_CLASS = YES_ERROR;
				CLANG_WARN_QUOTED_INCLUDE_IN_FRAMEWORK_HEADER = YES;
				CLANG_WARN_RANGE_LOOP_ANALYSIS = YES;
				CLANG_WARN_STRICT_PROTOTYPES = YES;
				CLANG_WARN_SUSPICIOUS_MOVE = YES;
				CLANG_WARN_UNGUARDED_AVAILABILITY = YES_AGGRESSIVE;
				CLANG_WARN_UNREACHABLE_CODE = YES;
				CLANG_WARN__DUPLICATE_METHOD_MATCH = YES;
				COPY_PHASE_STRIP = NO;
				DEBUG_INFORMATION_FORMAT = dwarf;
				ENABLE_STRICT_OBJC_MSGSEND = YES;
				ENABLE_TESTABILITY = YES;
				GCC_C_LANGUAGE_STANDARD = gnu11;
				GCC_DYNAMIC_NO_PIC = NO;
				GCC_NO_COMMON_BLOCKS = YES;
				GCC_OPTIMIZATION_LEVEL = 0;
				GCC_PREPROCESSOR_DEFINITIONS = (
					"DEBUG=1",
					"$(inherited)",
				);
				GCC_WARN_64_TO_32_BIT_CONVERSION = YES;
				GCC_WARN_ABOUT_RETURN_TYPE = YES_ERROR;
				GCC_WARN_UNDECLARED_SELECTOR = YES;
				GCC_WARN_UNINITIALIZED_AUTOS = YES_AGGRESSIVE;
				GCC_WARN_UNUSED_FUNCTION = YES;
				GCC_WARN_UNUSED_VARIABLE = YES;
				IPHONEOS_DEPLOYMENT_TARGET = 16.1;
				MTL_ENABLE_DEBUG_INFO = INCLUDE_SOURCE;
				MTL_FAST_MATH = YES;
				ONLY_ACTIVE_ARCH = YES;
				SDKROOT = iphoneos;
				SWIFT_ACTIVE_COMPILATION_CONDITIONS = DEBUG;
				SWIFT_OPTIMIZATION_LEVEL = "-Onone";
			};
			name = Debug;
		};
		81B6DAC229200D090088A589 /* Release */ = {
			isa = XCBuildConfiguration;
			buildSettings = {
				ALWAYS_SEARCH_USER_PATHS = NO;
				CLANG_ANALYZER_NONNULL = YES;
				CLANG_ANALYZER_NUMBER_OBJECT_CONVERSION = YES_AGGRESSIVE;
				CLANG_CXX_LANGUAGE_STANDARD = "gnu++20";
				CLANG_ENABLE_MODULES = YES;
				CLANG_ENABLE_OBJC_ARC = YES;
				CLANG_ENABLE_OBJC_WEAK = YES;
				CLANG_WARN_BLOCK_CAPTURE_AUTORELEASING = YES;
				CLANG_WARN_BOOL_CONVERSION = YES;
				CLANG_WARN_COMMA = YES;
				CLANG_WARN_CONSTANT_CONVERSION = YES;
				CLANG_WARN_DEPRECATED_OBJC_IMPLEMENTATIONS = YES;
				CLANG_WARN_DIRECT_OBJC_ISA_USAGE = YES_ERROR;
				CLANG_WARN_DOCUMENTATION_COMMENTS = YES;
				CLANG_WARN_EMPTY_BODY = YES;
				CLANG_WARN_ENUM_CONVERSION = YES;
				CLANG_WARN_INFINITE_RECURSION = YES;
				CLANG_WARN_INT_CONVERSION = YES;
				CLANG_WARN_NON_LITERAL_NULL_CONVERSION = YES;
				CLANG_WARN_OBJC_IMPLICIT_RETAIN_SELF = YES;
				CLANG_WARN_OBJC_LITERAL_CONVERSION = YES;
				CLANG_WARN_OBJC_ROOT_CLASS = YES_ERROR;
				CLANG_WARN_QUOTED_INCLUDE_IN_FRAMEWORK_HEADER = YES;
				CLANG_WARN_RANGE_LOOP_ANALYSIS = YES;
				CLANG_WARN_STRICT_PROTOTYPES = YES;
				CLANG_WARN_SUSPICIOUS_MOVE = YES;
				CLANG_WARN_UNGUARDED_AVAILABILITY = YES_AGGRESSIVE;
				CLANG_WARN_UNREACHABLE_CODE = YES;
				CLANG_WARN__DUPLICATE_METHOD_MATCH = YES;
				COPY_PHASE_STRIP = NO;
				DEBUG_INFORMATION_FORMAT = "dwarf-with-dsym";
				ENABLE_NS_ASSERTIONS = NO;
				ENABLE_STRICT_OBJC_MSGSEND = YES;
				GCC_C_LANGUAGE_STANDARD = gnu11;
				GCC_NO_COMMON_BLOCKS = YES;
				GCC_WARN_64_TO_32_BIT_CONVERSION = YES;
				GCC_WARN_ABOUT_RETURN_TYPE = YES_ERROR;
				GCC_WARN_UNDECLARED_SELECTOR = YES;
				GCC_WARN_UNINITIALIZED_AUTOS = YES_AGGRESSIVE;
				GCC_WARN_UNUSED_FUNCTION = YES;
				GCC_WARN_UNUSED_VARIABLE = YES;
				IPHONEOS_DEPLOYMENT_TARGET = 16.1;
				MTL_ENABLE_DEBUG_INFO = NO;
				MTL_FAST_MATH = YES;
				SDKROOT = iphoneos;
				SWIFT_COMPILATION_MODE = wholemodule;
				SWIFT_OPTIMIZATION_LEVEL = "-O";
				VALIDATE_PRODUCT = YES;
			};
			name = Release;
		};
		81B6DAC429200D090088A589 /* Debug */ = {
			isa = XCBuildConfiguration;
			buildSettings = {
				ASSETCATALOG_COMPILER_APPICON_NAME = AppIcon;
				ASSETCATALOG_COMPILER_GLOBAL_ACCENT_COLOR_NAME = AccentColor;
				CODE_SIGN_STYLE = Automatic;
				CURRENT_PROJECT_VERSION = 1;
				DEVELOPMENT_ASSET_PATHS = "\"Ktm Motorcycle/Preview Content\"";
				DEVELOPMENT_TEAM = 47Y3KXDZ72;
				ENABLE_PREVIEWS = YES;
				GENERATE_INFOPLIST_FILE = YES;
				INFOPLIST_KEY_UIApplicationSceneManifest_Generation = YES;
				INFOPLIST_KEY_UIApplicationSupportsIndirectInputEvents = YES;
				INFOPLIST_KEY_UILaunchScreen_Generation = YES;
				INFOPLIST_KEY_UISupportedInterfaceOrientations_iPad = "UIInterfaceOrientationPortrait UIInterfaceOrientationPortraitUpsideDown UIInterfaceOrientationLandscapeLeft UIInterfaceOrientationLandscapeRight";
				INFOPLIST_KEY_UISupportedInterfaceOrientations_iPhone = "UIInterfaceOrientationPortrait UIInterfaceOrientationLandscapeLeft UIInterfaceOrientationLandscapeRight";
				LD_RUNPATH_SEARCH_PATHS = (
					"$(inherited)",
					"@executable_path/Frameworks",
				);
				MARKETING_VERSION = 1.0;
				PRODUCT_BUNDLE_IDENTIFIER = "wolfython.Ktm-Motorcycle";
				PRODUCT_NAME = "$(TARGET_NAME)";
				SWIFT_EMIT_LOC_STRINGS = YES;
				SWIFT_VERSION = 5.0;
				TARGETED_DEVICE_FAMILY = "1,2";
			};
			name = Debug;
		};
		81B6DAC529200D090088A589 /* Release */ = {
			isa = XCBuildConfiguration;
			buildSettings = {
				ASSETCATALOG_COMPILER_APPICON_NAME = AppIcon;
				ASSETCATALOG_COMPILER_GLOBAL_ACCENT_COLOR_NAME = AccentColor;
				CODE_SIGN_STYLE = Automatic;
				CURRENT_PROJECT_VERSION = 1;
				DEVELOPMENT_ASSET_PATHS = "\"Ktm Motorcycle/Preview Content\"";
				DEVELOPMENT_TEAM = 47Y3KXDZ72;
				ENABLE_PREVIEWS = YES;
				GENERATE_INFOPLIST_FILE = YES;
				INFOPLIST_KEY_UIApplicationSceneManifest_Generation = YES;
				INFOPLIST_KEY_UIApplicationSupportsIndirectInputEvents = YES;
				INFOPLIST_KEY_UILaunchScreen_Generation = YES;
				INFOPLIST_KEY_UISupportedInterfaceOrientations_iPad = "UIInterfaceOrientationPortrait UIInterfaceOrientationPortraitUpsideDown UIInterfaceOrientationLandscapeLeft UIInterfaceOrientationLandscapeRight";
				INFOPLIST_KEY_UISupportedInterfaceOrientations_iPhone = "UIInterfaceOrientationPortrait UIInterfaceOrientationLandscapeLeft UIInterfaceOrientationLandscapeRight";
				LD_RUNPATH_SEARCH_PATHS = (
					"$(inherited)",
					"@executable_path/Frameworks",
				);
				MARKETING_VERSION = 1.0;
				PRODUCT_BUNDLE_IDENTIFIER = "wolfython.Ktm-Motorcycle";
				PRODUCT_NAME = "$(TARGET_NAME)";
				SWIFT_EMIT_LOC_STRINGS = YES;
				SWIFT_VERSION = 5.0;
				TARGETED_DEVICE_FAMILY = "1,2";
			};
			name = Release;
		};
/* End XCBuildConfiguration section */

/* Begin XCConfigurationList section */
		81B6DAB029200D050088A589 /* Build configuration list for PBXProject "Ktm Motorcycle" */ = {
			isa = XCConfigurationList;
			buildConfigurations = (
				81B6DAC129200D090088A589 /* Debug */,
				81B6DAC229200D090088A589 /* Release */,
			);
			defaultConfigurationIsVisible = 0;
			defaultConfigurationName = Release;
		};
		81B6DAC329200D090088A589 /* Build configuration list for PBXNativeTarget "Ktm Motorcycle" */ = {
			isa = XCConfigurationList;
			buildConfigurations = (
				81B6DAC429200D090088A589 /* Debug */,
				81B6DAC529200D090088A589 /* Release */,
			);
			defaultConfigurationIsVisible = 0;
			defaultConfigurationName = Release;
		};
/* End XCConfigurationList section */
	};
	rootObject = 81B6DAAD29200D050088A589 /* Project object */;
}
